{
    "_meta": {
        "hash": {
            "sha256": "7dfd564bc90c8a2e88699ad5d471adf0994271c5fabef0ac66559dc68c357d2a"
        },
        "pipfile-spec": 6,
        "requires": {
            "python_version": "3.11"
        },
        "sources": [
            {
                "name": "pypi",
                "url": "https://pypi.org/simple",
                "verify_ssl": true
            }
        ]
    },
    "default": {
        "cffi": {
            "hashes": [
                "sha256:045d61c734659cc045141be4bae381a41d89b741f795af1dd018bfb532fd0df8",
                "sha256:0984a4925a435b1da406122d4d7968dd861c1385afe3b45ba82b750f229811e2",
                "sha256:0e2b1fac190ae3ebfe37b979cc1ce69c81f4e4fe5746bb401dca63a9062cdaf1",
                "sha256:0f048dcf80db46f0098ccac01132761580d28e28bc0f78ae0d58048063317e15",
                "sha256:1257bdabf294dceb59f5e70c64a3e2f462c30c7ad68092d01bbbfb1c16b1ba36",
                "sha256:1c39c6016c32bc48dd54561950ebd6836e1670f2ae46128f67cf49e789c52824",
                "sha256:1d599671f396c4723d016dbddb72fe8e0397082b0a77a4fab8028923bec050e8",
                "sha256:28b16024becceed8c6dfbc75629e27788d8a3f9030691a1dbf9821a128b22c36",
                "sha256:2bb1a08b8008b281856e5971307cc386a8e9c5b625ac297e853d36da6efe9c17",
                "sha256:30c5e0cb5ae493c04c8b42916e52ca38079f1b235c2f8ae5f4527b963c401caf",
                "sha256:31000ec67d4221a71bd3f67df918b1f88f676f1c3b535a7eb473255fdc0b83fc",
                "sha256:386c8bf53c502fff58903061338ce4f4950cbdcb23e2902d86c0f722b786bbe3",
                "sha256:3edc8d958eb099c634dace3c7e16560ae474aa3803a5df240542b305d14e14ed",
                "sha256:45398b671ac6d70e67da8e4224a065cec6a93541bb7aebe1b198a61b58c7b702",
                "sha256:46bf43160c1a35f7ec506d254e5c890f3c03648a4dbac12d624e4490a7046cd1",
                "sha256:4ceb10419a9adf4460ea14cfd6bc43d08701f0835e979bf821052f1805850fe8",
                "sha256:51392eae71afec0d0c8fb1a53b204dbb3bcabcb3c9b807eedf3e1e6ccf2de903",
                "sha256:5da5719280082ac6bd9aa7becb3938dc9f9cbd57fac7d2871717b1feb0902ab6",
                "sha256:610faea79c43e44c71e1ec53a554553fa22321b65fae24889706c0a84d4ad86d",
                "sha256:636062ea65bd0195bc012fea9321aca499c0504409f413dc88af450b57ffd03b",
                "sha256:6883e737d7d9e4899a8a695e00ec36bd4e5e4f18fabe0aca0efe0a4b44cdb13e",
                "sha256:6b8b4a92e1c65048ff98cfe1f735ef8f1ceb72e3d5f0c25fdb12087a23da22be",
                "sha256:6f17be4345073b0a7b8ea599688f692ac3ef23ce28e5df79c04de519dbc4912c",
                "sha256:706510fe141c86a69c8ddc029c7910003a17353970cff3b904ff0686a5927683",
                "sha256:72e72408cad3d5419375fc87d289076ee319835bdfa2caad331e377589aebba9",
                "sha256:733e99bc2df47476e3848417c5a4540522f234dfd4ef3ab7fafdf555b082ec0c",
                "sha256:7596d6620d3fa590f677e9ee430df2958d2d6d6de2feeae5b20e82c00b76fbf8",
                "sha256:78122be759c3f8a014ce010908ae03364d00a1f81ab5c7f4a7a5120607ea56e1",
                "sha256:805b4371bf7197c329fcb3ead37e710d1bca9da5d583f5073b799d5c5bd1eee4",
                "sha256:85a950a4ac9c359340d5963966e3e0a94a676bd6245a4b55bc43949eee26a655",
                "sha256:8f2cdc858323644ab277e9bb925ad72ae0e67f69e804f4898c070998d50b1a67",
                "sha256:9755e4345d1ec879e3849e62222a18c7174d65a6a92d5b346b1863912168b595",
                "sha256:98e3969bcff97cae1b2def8ba499ea3d6f31ddfdb7635374834cf89a1a08ecf0",
                "sha256:a08d7e755f8ed21095a310a693525137cfe756ce62d066e53f502a83dc550f65",
                "sha256:a1ed2dd2972641495a3ec98445e09766f077aee98a1c896dcb4ad0d303628e41",
                "sha256:a24ed04c8ffd54b0729c07cee15a81d964e6fee0e3d4d342a27b020d22959dc6",
                "sha256:a45e3c6913c5b87b3ff120dcdc03f6131fa0065027d0ed7ee6190736a74cd401",
                "sha256:a9b15d491f3ad5d692e11f6b71f7857e7835eb677955c00cc0aefcd0669adaf6",
                "sha256:ad9413ccdeda48c5afdae7e4fa2192157e991ff761e7ab8fdd8926f40b160cc3",
                "sha256:b2ab587605f4ba0bf81dc0cb08a41bd1c0a5906bd59243d56bad7668a6fc6c16",
                "sha256:b62ce867176a75d03a665bad002af8e6d54644fad99a3c70905c543130e39d93",
                "sha256:c03e868a0b3bc35839ba98e74211ed2b05d2119be4e8a0f224fba9384f1fe02e",
                "sha256:c59d6e989d07460165cc5ad3c61f9fd8f1b4796eacbd81cee78957842b834af4",
                "sha256:c7eac2ef9b63c79431bc4b25f1cd649d7f061a28808cbc6c47b534bd789ef964",
                "sha256:c9c3d058ebabb74db66e431095118094d06abf53284d9c81f27300d0e0d8bc7c",
                "sha256:ca74b8dbe6e8e8263c0ffd60277de77dcee6c837a3d0881d8c1ead7268c9e576",
                "sha256:caaf0640ef5f5517f49bc275eca1406b0ffa6aa184892812030f04c2abf589a0",
                "sha256:cdf5ce3acdfd1661132f2a9c19cac174758dc2352bfe37d98aa7512c6b7178b3",
                "sha256:d016c76bdd850f3c626af19b0542c9677ba156e4ee4fccfdd7848803533ef662",
                "sha256:d01b12eeeb4427d3110de311e1774046ad344f5b1a7403101878976ecd7a10f3",
                "sha256:d63afe322132c194cf832bfec0dc69a99fb9bb6bbd550f161a49e9e855cc78ff",
                "sha256:da95af8214998d77a98cc14e3a3bd00aa191526343078b530ceb0bd710fb48a5",
                "sha256:dd398dbc6773384a17fe0d3e7eeb8d1a21c2200473ee6806bb5e6a8e62bb73dd",
                "sha256:de2ea4b5833625383e464549fec1bc395c1bdeeb5f25c4a3a82b5a8c756ec22f",
                "sha256:de55b766c7aa2e2a3092c51e0483d700341182f08e67c63630d5b6f200bb28e5",
                "sha256:df8b1c11f177bc2313ec4b2d46baec87a5f3e71fc8b45dab2ee7cae86d9aba14",
                "sha256:e03eab0a8677fa80d646b5ddece1cbeaf556c313dcfac435ba11f107ba117b5d",
                "sha256:e221cf152cff04059d011ee126477f0d9588303eb57e88923578ace7baad17f9",
                "sha256:e31ae45bc2e29f6b2abd0de1cc3b9d5205aa847cafaecb8af1476a609a2f6eb7",
                "sha256:edae79245293e15384b51f88b00613ba9f7198016a5948b5dddf4917d4d26382",
                "sha256:f1e22e8c4419538cb197e4dd60acc919d7696e5ef98ee4da4e01d3f8cfa4cc5a",
                "sha256:f3a2b4222ce6b60e2e8b337bb9596923045681d71e5a082783484d845390938e",
                "sha256:f6a16c31041f09ead72d69f583767292f750d24913dadacf5756b966aacb3f1a",
                "sha256:f75c7ab1f9e4aca5414ed4d8e5c0e303a34f4421f8a0d47a4d019ceff0ab6af4",
                "sha256:f79fc4fc25f1c8698ff97788206bb3c2598949bfe0fef03d299eb1b5356ada99",
                "sha256:f7f5baafcc48261359e14bcd6d9bff6d4b28d9103847c9e136694cb0501aef87",
                "sha256:fc48c783f9c87e60831201f2cce7f3b2e4846bf4d8728eabe54d60700b318a0b"
            ],
            "markers": "python_version >= '3.8'",
            "version": "==1.17.1"
        },
        "keyboard": {
            "hashes": [
                "sha256:63ed83305955939ca5c9a73755e5cc43e8242263f5ad5fd3bb7e0b032f3d308b",
                "sha256:8e9c2422f1217e0bd84489b9ecd361027cc78415828f4fe4f88dd4acd587947b"
            ],
            "index": "pypi",
            "version": "==0.13.5"
        },
        "numpy": {
            "hashes": [
                "sha256:06d4fb37a8d383b769281714897420c5cc3545c79dc427df57fc9b852ee0bf58",
                "sha256:0898c67a58cdaaf29994bc0e2c65230fd4de0ac40afaf1584ed0b02cd74c6fdd",
                "sha256:0eba4a1ea88f9a6f30f56fdafdeb8da3774349eacddab9581a21234b8535d3d3",
                "sha256:2393a914db64b0ead0ab80c962e42d09d5f385802006a6c87835acb1f58adb96",
                "sha256:2e6a1409eee0cb0316cb64640a49a49ca44deb1a537e6b1121dc7c458a1299a8",
                "sha256:33a5a12a45bb82d9997e2c0b12adae97507ad7c347546190a18ff14c28bbca12",
                "sha256:389b85335838155a9076e9ad7f8fdba0827496ec2d2dc32ce69ce7898bde03ba",
                "sha256:39b27d8b38942a647f048b675f134dd5a567f95bfff481f9109ec308515c51d8",
                "sha256:43c55b6a860b0eb44d42341438b03513cf3879cb3617afb749ad49307e164edd",
                "sha256:46d16f72c2192da7b83984aa5455baee640e33a9f1e61e656f29adf55e406c2b",
                "sha256:48a2e8eaf76364c32a1feaa60d6925eaf32ed7a040183b807e02674305beef61",
                "sha256:4d8d294287fdf685281e671886c6dcdf0291a7c19db3e5cb4178d07ccf6ecc67",
                "sha256:4dc58865623023b63b10d52f18abaac3729346a7a46a778381e0e3af4b7f3beb",
                "sha256:50080245365d75137a2bf46151e975de63146ae6d79f7e6bd5c0e85c9931d06a",
                "sha256:54dfc8681c1906d239e95ab1508d0a533c4a9505e52ee2d71a5472b04437ef97",
                "sha256:5754ab5595bfa2c2387d241296e0381c21f44a4b90a776c3c1d39eede13a746a",
                "sha256:5814a0f43e70c061f47abd5857d120179609ddc32a613138cbb6c4e9e2dbdda5",
                "sha256:581f87f9e9e9db2cba2141400e160e9dd644ee248788d6f90636eeb8fd9260a6",
                "sha256:622a65d40d8eb427d8e722fd410ac3ad4958002f109230bc714fa551044ebae2",
                "sha256:6295f81f093b7f5769d1728a6bd8bf7466de2adfa771ede944ce6711382b89dc",
                "sha256:690d0a5b60a47e1f9dcec7b77750a4854c0d690e9058b7bef3106e3ae9117808",
                "sha256:7729c8008d55e80784bd113787ce876ca117185c579c0d626f59b87d433ea779",
                "sha256:80b46117c7359de8167cc00a2c7d823bdd505e8c7727ae0871025a86d668283b",
                "sha256:81ae0bf2564cf475f94be4a27ef7bcf8af0c3e28da46770fc904da9abd5279b5",
                "sha256:87717eb24d4a8a64683b7a4e91ace04e2f5c7c77872f823f02a94feee186168f",
                "sha256:8b51ead2b258284458e570942137155978583e407babc22e3d0ed7af33ce06f8",
                "sha256:9498f60cd6bb8238d8eaf468a3d5bb031d34cd12556af53510f05fcf581c1b7e",
                "sha256:99224862d1412d2562248d4710126355d3a8db7672170a39d6909ac47687a8a4",
                "sha256:a0be278be9307c4ab06b788f2a077f05e180aea817b3e41cebbd5aaf7bd85ed3",
                "sha256:aaf81c7b82c73bd9b45e79cfb9476cb9c29e937494bfe9092c26aece812818ad",
                "sha256:aba48d17e87688a765ab1cd557882052f238e2f36545dfa8e29e6a91aef77afe",
                "sha256:b0f1f11d0a1da54927436505a5a7670b154eac27f5672afc389661013dfe3d4f",
                "sha256:b9446d9d8505aadadb686d51d838f2b6688c9e85636a0c3abaeb55ed54756459",
                "sha256:ba17f93a94e503551f154de210e4d50c5e3ee20f7e7a1b5f6ce3f22d419b93bb",
                "sha256:bd8df082b6c4695753ad6193018c05aac465d634834dca47a3ae06d4bb22d9ea",
                "sha256:c24bb4113c66936eeaa0dc1e47c74770453d34f46ee07ae4efd853a2ed1ad10a",
                "sha256:c39ec392b5db5088259c68250e342612db82dc80ce044cf16496cf14cf6bc6f8",
                "sha256:c3c9fdde0fa18afa1099d6257eb82890ea4f3102847e692193b54e00312a9ae9",
                "sha256:c8738baa52505fa6e82778580b23f945e3578412554d937093eac9205e845e6e",
                "sha256:d11fa02f77752d8099573d64e5fe33de3229b6632036ec08f7080f46b6649959",
                "sha256:d344ca32ab482bcf8735d8f95091ad081f97120546f3d250240868430ce52555",
                "sha256:d8fa264d56882b59dcb5ea4d6ab6f31d0c58a57b41aec605848b6eb2ef4a43e8",
                "sha256:df470d376f54e052c76517393fa443758fefcdd634645bc9c1f84eafc67087f0",
                "sha256:e017a8a251ff4d18d71f139e28bdc7c31edba7a507f72b1414ed902cbe48c74d",
                "sha256:e43c3cce3b6ae5f94696669ff2a6eafd9a6b9332008bafa4117af70f4b88be6f",
                "sha256:e651756066a0eaf900916497e20e02fe1ae544187cb0fe88de981671ee7f6270",
                "sha256:e6648078bdd974ef5d15cecc31b0c410e2e24178a6e10bf511e0557eed0f2570",
                "sha256:ee9d3ee70d62827bc91f3ea5eee33153212c41f639918550ac0475e3588da59f",
                "sha256:ef6c1e88fd6b81ac6d215ed71dc8cd027e54d4bf1d2682d362449097156267a2",
                "sha256:f14e016d9409680959691c109be98c436c6249eaf7f118b424679793607b5944",
                "sha256:f420033a20b4f6a2a11f585f93c843ac40686a7c3fa514060a97d9de93e5e72b"
            ],
            "markers": "python_version >= '3.11'",
            "version": "==2.3.0"
        },
        "pyaudio": {
            "hashes": [
                "sha256:009f357ee5aa6bc8eb19d69921cd30e98c42cddd34210615d592a71d09c4bd57",
                "sha256:126065b5e82a1c03ba16e7c0404d8f54e17368836e7d2d92427358ad44fefe61",
                "sha256:12f2f1ba04e06ff95d80700a78967897a489c05e093e3bffa05a84ed9c0a7fa3",
                "sha256:2a166fc88d435a2779810dd2678354adc33499e9d4d7f937f28b20cc55893e83",
                "sha256:2dac0d6d675fe7e181ba88f2de88d321059b69abd52e3f4934a8878e03a7a074",
                "sha256:506b32a595f8693811682ab4b127602d404df7dfc453b499c91a80d0f7bad289",
                "sha256:5fce4bcdd2e0e8c063d835dbe2860dac46437506af509353c7f8114d4bacbd5b",
                "sha256:692d8c1446f52ed2662120bcd9ddcb5aa2b71f38bda31e58b19fb4672fffba69",
                "sha256:78dfff3879b4994d1f4fc6485646a57755c6ee3c19647a491f790a0895bd2f87",
                "sha256:858caf35b05c26d8fc62f1efa2e8f53d5fa1a01164842bd622f70ddc41f55000",
                "sha256:95328285b4dab57ea8c52a4a996cb52be6d629353315be5bfda403d15932a497",
                "sha256:bbeb01d36a2f472ae5ee5e1451cacc42112986abe622f735bb870a5db77cf903",
                "sha256:f745109634a7c19fa4d6b8b7d6967c3123d988c9ade0cd35d4295ee1acdb53e9"
            ],
            "index": "pypi",
            "version": "==0.2.14"
        },
        "pycparser": {
            "hashes": [
                "sha256:491c8be9c040f5390f5bf44a5b07752bd07f56edf992381b05c701439eec10f6",
                "sha256:c3702b6d3dd8c7abc1afa565d7e63d53a1d0bd86cdc24edd75470f4de499cfcc"
            ],
            "markers": "python_version >= '3.8'",
            "version": "==2.22"
        },
        "scipy": {
            "hashes": [
                "sha256:05dc6abcd105e1a29f95eada46d4a3f251743cfd7d3ae8ddb4088047f24ea477",
                "sha256:06efcba926324df1696931a57a176c80848ccd67ce6ad020c810736bfd58eb1c",
                "sha256:0a769105537aa07a69468a0eefcd121be52006db61cdd8cac8a0e68980bbb723",
                "sha256:0bdd905264c0c9cfa74a4772cdb2070171790381a5c4d312c973382fc6eaf730",
                "sha256:0ff17c0bb1cb32952c09217d8d1eed9b53d1463e5f1dd6052c7857f83127d539",
                "sha256:14ed70039d182f411ffc74789a16df3835e05dc469b898233a245cdfd7f162cb",
                "sha256:185cd3d6d05ca4b44a8f1595af87f9c372bb6acf9c808e99aa3e9aa03bd98cf6",
                "sha256:18aaacb735ab38b38db42cb01f6b92a2d0d4b6aabefeb07f02849e47f8fb3594",
                "sha256:1c832e1bd78dea67d5c16f786681b28dd695a8cb1fb90af2e27580d3d0967e92",
                "sha256:263961f658ce2165bbd7b99fa5135195c3a12d9bef045345016b8b50c315cb82",
                "sha256:271e3713e645149ea5ea3e97b57fdab61ce61333f97cfae392c28ba786f9bb49",
                "sha256:2c620736bcc334782e24d173c0fdbb7590a0a436d2fdf39310a8902505008759",
                "sha256:34716e281f181a02341ddeaad584205bd2fd3c242063bd3423d61ac259ca7eba",
                "sha256:39cb9c62e471b1bb3750066ecc3a3f3052b37751c7c3dfd0fd7e48900ed52982",
                "sha256:3ac07623267feb3ae308487c260ac684b32ea35fd81e12845039952f558047b8",
                "sha256:3b0334816afb8b91dab859281b1b9786934392aa3d527cd847e41bb6f45bee65",
                "sha256:40e54d5c7e7ebf1aa596c374c49fa3135f04648a0caabcb66c52884b943f02b4",
                "sha256:50f9e62461c95d933d5c5ef4a1f2ebf9a2b4e83b0db374cb3f1de104d935922e",
                "sha256:52092bc0472cfd17df49ff17e70624345efece4e1a12b23783a1ac59a1b728ed",
                "sha256:5380741e53df2c566f4d234b100a484b420af85deb39ea35a1cc1be84ff53a5c",
                "sha256:5e721fed53187e71d0ccf382b6bf977644c533e506c4d33c3fb24de89f5c3ed5",
                "sha256:6487aa99c2a3d509a5227d9a5e889ff05830a06b2ce08ec30df6d79db5fcd5c5",
                "sha256:6ac6310fdbfb7aa6612408bd2f07295bcbd3fda00d2d702178434751fe48e019",
                "sha256:6cfd56fc1a8e53f6e89ba3a7a7251f7396412d655bca2aa5611c8ec9a6784a1e",
                "sha256:6db907c7368e3092e24919b5e31c76998b0ce1684d51a90943cb0ed1b4ffd6c1",
                "sha256:721d6b4ef5dc82ca8968c25b111e307083d7ca9091bc38163fb89243e85e3889",
                "sha256:76ad1fb5f8752eabf0fa02e4cc0336b4e8f021e2d5f061ed37d6d264db35e3ca",
                "sha256:79167bba085c31f38603e11a267d862957cbb3ce018d8b38f79ac043bc92d825",
                "sha256:795c46999bae845966368a3c013e0e00947932d68e235702b5c3f6ea799aa8c9",
                "sha256:7e11270a000969409d37ed399585ee530b9ef6aa99d50c019de4cb01e8e54e62",
                "sha256:8c9ed3ba2c8a2ce098163a9bdb26f891746d02136995df25227a20e71c396ebb",
                "sha256:993439ce220d25e3696d1b23b233dd010169b62f6456488567e830654ee37a6b",
                "sha256:9d61e97b186a57350f6d6fd72640f9e99d5a4a2b8fbf4b9ee9a841eab327dc13",
                "sha256:9db984639887e3dffb3928d118145ffe40eff2fa40cb241a306ec57c219ebbbb",
                "sha256:9e2abc762b0811e09a0d3258abee2d98e0c703eee49464ce0069590846f31d40",
                "sha256:a345928c86d535060c9c2b25e71e87c39ab2f22fc96e9636bd74d1dbf9de448c",
                "sha256:ad3432cb0f9ed87477a8d97f03b763fd1d57709f1bbde3c9369b1dff5503b253",
                "sha256:ae48a786a28412d744c62fd7816a4118ef97e5be0bee968ce8f0a2fba7acf3bb",
                "sha256:aef683a9ae6eb00728a542b796f52a5477b78252edede72b8327a886ab63293f",
                "sha256:b90ab29d0c37ec9bf55424c064312930ca5f4bde15ee8619ee44e69319aab163",
                "sha256:c05045d8b9bfd807ee1b9f38761993297b10b245f012b11b13b91ba8945f7e45",
                "sha256:c9deabd6d547aee2c9a81dee6cc96c6d7e9a9b1953f74850c179f91fdc729cb7",
                "sha256:dde4fc32993071ac0c7dd2d82569e544f0bdaff66269cb475e0f369adad13f11",
                "sha256:eae3cf522bc7df64b42cad3925c876e1b0b6c35c1337c93e12c0f366f55b0eaf",
                "sha256:ed7284b21a7a0c8f1b6e5977ac05396c0d008b89e05498c8b7e8f4a1423bba0e",
                "sha256:f77f853d584e72e874d87357ad70f44b437331507d1c311457bed8ed2b956126"
            ],
            "index": "pypi",
            "markers": "python_version >= '3.10'",
            "version": "==1.15.3"
        },
        "sounddevice": {
            "hashes": [
                "sha256:3a113ce614a2c557f14737cb20123ae6298c91fc9301eb014ada0cba6d248c5f",
                "sha256:82375859fac2e73295a4ab3fc60bd4782743157adc339561c1f1142af472f505",
                "sha256:943f27e66037d41435bdd0293454072cdf657b594c9cde63cd01ee3daaac7ab3",
                "sha256:c634d51bd4e922d6f0fa5e1a975cc897c947f61d31da9f79ba7ea34dff448b49",
                "sha256:e18944b767d2dac3771a7771bdd7ff7d3acd7d334e72c4bedab17d1aed5dbc22"
            ],
            "index": "pypi",
            "markers": "python_version >= '3.7'",
            "version": "==0.5.2"
        },
        "websockets": {
            "hashes": [
                "sha256:0701bc3cfcb9164d04a14b149fd74be7347a530ad3bbf15ab2c678a2cd3dd9a2",
                "sha256:0a34631031a8f05657e8e90903e656959234f3a04552259458aac0b0f9ae6fd9",
                "sha256:0af68c55afbd5f07986df82831c7bff04846928ea8d1fd7f30052638788bc9b5",
                "sha256:0c9e74d766f2818bb95f84c25be4dea09841ac0f734d1966f415e4edfc4ef1c3",
                "sha256:0f3c1e2ab208db911594ae5b4f79addeb3501604a165019dd221c0bdcabe4db8",
                "sha256:0fdfe3e2a29e4db3659dbd5bbf04560cea53dd9610273917799f1cde46aa725e",
                "sha256:1009ee0c7739c08a0cd59de430d6de452a55e42d6b522de7aa15e6f67db0b8e1",
                "sha256:1234d4ef35db82f5446dca8e35a7da7964d02c127b095e172e54397fb6a6c256",
                "sha256:16b6c1b3e57799b9d38427dda63edcbe4926352c47cf88588c0be4ace18dac85",
                "sha256:2034693ad3097d5355bfdacfffcbd3ef5694f9718ab7f29c29689a9eae841880",
                "sha256:21c1fa28a6a7e3cbdc171c694398b6df4744613ce9b36b1a498e816787e28123",
                "sha256:229cf1d3ca6c1804400b0a9790dc66528e08a6a1feec0d5040e8b9eb14422375",
                "sha256:27ccee0071a0e75d22cb35849b1db43f2ecd3e161041ac1ee9d2352ddf72f065",
                "sha256:363c6f671b761efcb30608d24925a382497c12c506b51661883c3e22337265ed",
                "sha256:39c1fec2c11dc8d89bba6b2bf1556af381611a173ac2b511cf7231622058af41",
                "sha256:3b1ac0d3e594bf121308112697cf4b32be538fb1444468fb0a6ae4feebc83411",
                "sha256:3be571a8b5afed347da347bfcf27ba12b069d9d7f42cb8c7028b5e98bbb12597",
                "sha256:3c714d2fc58b5ca3e285461a4cc0c9a66bd0e24c5da9911e30158286c9b5be7f",
                "sha256:3d00075aa65772e7ce9e990cab3ff1de702aa09be3940d1dc88d5abf1ab8a09c",
                "sha256:3e90baa811a5d73f3ca0bcbf32064d663ed81318ab225ee4f427ad4e26e5aff3",
                "sha256:47819cea040f31d670cc8d324bb6435c6f133b8c7a19ec3d61634e62f8d8f9eb",
                "sha256:47b099e1f4fbc95b701b6e85768e1fcdaf1630f3cbe4765fa216596f12310e2e",
                "sha256:4a9fac8e469d04ce6c25bb2610dc535235bd4aa14996b4e6dbebf5e007eba5ee",
                "sha256:4b826973a4a2ae47ba357e4e82fa44a463b8f168e1ca775ac64521442b19e87f",
                "sha256:4c2529b320eb9e35af0fa3016c187dffb84a3ecc572bcee7c3ce302bfeba52bf",
                "sha256:54479983bd5fb469c38f2f5c7e3a24f9a4e70594cd68cd1fa6b9340dadaff7cf",
                "sha256:558d023b3df0bffe50a04e710bc87742de35060580a293c2a984299ed83bc4e4",
                "sha256:5756779642579d902eed757b21b0164cd6fe338506a8083eb58af5c372e39d9a",
                "sha256:592f1a9fe869c778694f0aa806ba0374e97648ab57936f092fd9d87f8bc03665",
                "sha256:595b6c3969023ecf9041b2936ac3827e4623bfa3ccf007575f04c5a6aa318c22",
                "sha256:5a939de6b7b4e18ca683218320fc67ea886038265fd1ed30173f5ce3f8e85675",
                "sha256:5d54b09eba2bada6011aea5375542a157637b91029687eb4fdb2dab11059c1b4",
                "sha256:5df592cd503496351d6dc14f7cdad49f268d8e618f80dce0cd5a36b93c3fc08d",
                "sha256:5f4c04ead5aed67c8a1a20491d54cdfba5884507a48dd798ecaf13c74c4489f5",
                "sha256:64dee438fed052b52e4f98f76c5790513235efaa1ef7f3f2192c392cd7c91b65",
                "sha256:66dd88c918e3287efc22409d426c8f729688d89a0c587c88971a0faa2c2f3792",
                "sha256:678999709e68425ae2593acf2e3ebcbcf2e69885a5ee78f9eb80e6e371f1bf57",
                "sha256:67f2b6de947f8c757db2db9c71527933ad0019737ec374a8a6be9a956786aaf9",
                "sha256:693f0192126df6c2327cce3baa7c06f2a117575e32ab2308f7f8216c29d9e2e3",
                "sha256:746ee8dba912cd6fc889a8147168991d50ed70447bf18bcda7039f7d2e3d9151",
                "sha256:756c56e867a90fb00177d530dca4b097dd753cde348448a1012ed6c5131f8b7d",
                "sha256:76d1f20b1c7a2fa82367e04982e708723ba0e7b8d43aa643d3dcd404d74f1475",
                "sha256:7f493881579c90fc262d9cdbaa05a6b54b3811c2f300766748db79f098db9940",
                "sha256:823c248b690b2fd9303ba00c4f66cd5e2d8c3ba4aa968b2779be9532a4dad431",
                "sha256:82544de02076bafba038ce055ee6412d68da13ab47f0c60cab827346de828dee",
                "sha256:8dd8327c795b3e3f219760fa603dcae1dcc148172290a8ab15158cf85a953413",
                "sha256:8fdc51055e6ff4adeb88d58a11042ec9a5eae317a0a53d12c062c8a8865909e8",
                "sha256:a625e06551975f4b7ea7102bc43895b90742746797e2e14b70ed61c43a90f09b",
                "sha256:abdc0c6c8c648b4805c5eacd131910d2a7f6455dfd3becab248ef108e89ab16a",
                "sha256:ac017dd64572e5c3bd01939121e4d16cf30e5d7e110a119399cf3133b63ad054",
                "sha256:ac1e5c9054fe23226fb11e05a6e630837f074174c4c2f0fe442996112a6de4fb",
                "sha256:ac60e3b188ec7574cb761b08d50fcedf9d77f1530352db4eef1707fe9dee7205",
                "sha256:b359ed09954d7c18bbc1680f380c7301f92c60bf924171629c5db97febb12f04",
                "sha256:b7643a03db5c95c799b89b31c036d5f27eeb4d259c798e878d6937d71832b1e4",
                "sha256:ba9e56e8ceeeedb2e080147ba85ffcd5cd0711b89576b83784d8605a7df455fa",
                "sha256:c338ffa0520bdb12fbc527265235639fb76e7bc7faafbb93f6ba80d9c06578a9",
                "sha256:cad21560da69f4ce7658ca2cb83138fb4cf695a2ba3e475e0559e05991aa8122",
                "sha256:d08eb4c2b7d6c41da6ca0600c077e93f5adcfd979cd777d747e9ee624556da4b",
                "sha256:d50fd1ee42388dcfb2b3676132c78116490976f1300da28eb629272d5d93e905",
                "sha256:d591f8de75824cbb7acad4e05d2d710484f15f29d4a915092675ad3456f11770",
                "sha256:d5f6b181bb38171a8ad1d6aa58a67a6aa9d4b38d0f8c5f496b9e42561dfc62fe",
                "sha256:d63efaa0cd96cf0c5fe4d581521d9fa87744540d4bc999ae6e08595a1014b45b",
                "sha256:d99e5546bf73dbad5bf3547174cd6cb8ba7273062a23808ffea025ecb1cf8562",
                "sha256:e09473f095a819042ecb2ab9465aee615bd9c2028e4ef7d933600a8401c79561",
                "sha256:e8b56bdcdb4505c8078cb6c7157d9811a85790f2f2b3632c7d1462ab5783d215",
                "sha256:ee443ef070bb3b6ed74514f5efaa37a252af57c90eb33b956d35c8e9c10a1931",
                "sha256:f29d80eb9a9263b8d109135351caf568cc3f80b9928bccde535c235de55c22d9",
                "sha256:f7a866fbc1e97b5c617ee4116daaa09b722101d4a3c170c787450ba409f9736f",
                "sha256:fcd5cf9e305d7b8338754470cf69cf81f420459dbae8a3b40cee57417f4614a7"
            ],
            "index": "pypi",
            "markers": "python_version >= '3.9'",
            "version": "==15.0.1"
        }
    },
    "develop": {}
}
